// !$*UTF8*$!
{
	archiveVersion = 1;
	classes = {
	};
	objectVersion = 46;
	objects = {

/* Begin PBXBuildFile section */
		80341E391EA66C3E00BB7880 /* AppDelegate.swift in Sources */ = {isa = PBXBuildFile; fileRef = 80341E381EA66C3E00BB7880 /* AppDelegate.swift */; };
		80341E3B1EA66C3E00BB7880 /* ViewController.swift in Sources */ = {isa = PBXBuildFile; fileRef = 80341E3A1EA66C3E00BB7880 /* ViewController.swift */; };
		80341E3E1EA66C3E00BB7880 /* Main.storyboard in Resources */ = {isa = PBXBuildFile; fileRef = 80341E3C1EA66C3E00BB7880 /* Main.storyboard */; };
		80341E411EA66C3E00BB7880 /* MyTime.xcdatamodeld in Sources */ = {isa = PBXBuildFile; fileRef = 80341E3F1EA66C3E00BB7880 /* MyTime.xcdatamodeld */; };
		80341E431EA66C3E00BB7880 /* Assets.xcassets in Resources */ = {isa = PBXBuildFile; fileRef = 80341E421EA66C3E00BB7880 /* Assets.xcassets */; };
		80341E461EA66C3E00BB7880 /* LaunchScreen.storyboard in Resources */ = {isa = PBXBuildFile; fileRef = 80341E441EA66C3E00BB7880 /* LaunchScreen.storyboard */; };
		80341E511EA66C3E00BB7880 /* MyTimeTests.swift in Sources */ = {isa = PBXBuildFile; fileRef = 80341E501EA66C3E00BB7880 /* MyTimeTests.swift */; };
		80341E5C1EA66C3E00BB7880 /* MyTimeUITests.swift in Sources */ = {isa = PBXBuildFile; fileRef = 80341E5B1EA66C3E00BB7880 /* MyTimeUITests.swift */; };
/* End PBXBuildFile section */

/* Begin PBXContainerItemProxy section */
		80341E4D1EA66C3E00BB7880 /* PBXContainerItemProxy */ = {
			isa = PBXContainerItemProxy;
			containerPortal = 80341E2D1EA66C3D00BB7880 /* Project object */;
			proxyType = 1;
			remoteGlobalIDString = 80341E341EA66C3E00BB7880;
			remoteInfo = MyTime;
		};
		80341E581EA66C3E00BB7880 /* PBXContainerItemProxy */ = {
			isa = PBXContainerItemProxy;
			containerPortal = 80341E2D1EA66C3D00BB7880 /* Project object */;
			proxyType = 1;
			remoteGlobalIDString = 80341E341EA66C3E00BB7880;
			remoteInfo = MyTime;
		};
/* End PBXContainerItemProxy section */

/* Begin PBXFileReference section */
		80341E351EA66C3E00BB7880 /* MyTime.app */ = {isa = PBXFileReference; explicitFileType = wrapper.application; includeInIndex = 0; path = MyTime.app; sourceTree = BUILT_PRODUCTS_DIR; };
		80341E381EA66C3E00BB7880 /* AppDelegate.swift */ = {isa = PBXFileReference; lastKnownFileType = sourcecode.swift; path = AppDelegate.swift; sourceTree = "<group>"; };
		80341E3A1EA66C3E00BB7880 /* ViewController.swift */ = {isa = PBXFileReference; lastKnownFileType = sourcecode.swift; path = ViewController.swift; sourceTree = "<group>"; };
		80341E3D1EA66C3E00BB7880 /* Base */ = {isa = PBXFileReference; lastKnownFileType = file.storyboard; name = Base; path = Base.lproj/Main.storyboard; sourceTree = "<group>"; };
		80341E401EA66C3E00BB7880 /* MyTime.xcdatamodel */ = {isa = PBXFileReference; lastKnownFileType = wrapper.xcdatamodel; path = MyTime.xcdatamodel; sourceTree = "<group>"; };
		80341E421EA66C3E00BB7880 /* Assets.xcassets */ = {isa = PBXFileReference; lastKnownFileType = folder.assetcatalog; path = Assets.xcassets; sourceTree = "<group>"; };
		80341E451EA66C3E00BB7880 /* Base */ = {isa = PBXFileReference; lastKnownFileType = file.storyboard; name = Base; path = Base.lproj/LaunchScreen.storyboard; sourceTree = "<group>"; };
		80341E471EA66C3E00BB7880 /* Info.plist */ = {isa = PBXFileReference; lastKnownFileType = text.plist.xml; path = Info.plist; sourceTree = "<group>"; };
		80341E4C1EA66C3E00BB7880 /* MyTimeTests.xctest */ = {isa = PBXFileReference; explicitFileType = wrapper.cfbundle; includeInIndex = 0; path = MyTimeTests.xctest; sourceTree = BUILT_PRODUCTS_DIR; };
		80341E501EA66C3E00BB7880 /* MyTimeTests.swift */ = {isa = PBXFileReference; lastKnownFileType = sourcecode.swift; path = MyTimeTests.swift; sourceTree = "<group>"; };
		80341E521EA66C3E00BB7880 /* Info.plist */ = {isa = PBXFileReference; lastKnownFileType = text.plist.xml; path = Info.plist; sourceTree = "<group>"; };
		80341E571EA66C3E00BB7880 /* MyTimeUITests.xctest */ = {isa = PBXFileReference; explicitFileType = wrapper.cfbundle; includeInIndex = 0; path = MyTimeUITests.xctest; sourceTree = BUILT_PRODUCTS_DIR; };
		80341E5B1EA66C3E00BB7880 /* MyTimeUITests.swift */ = {isa = PBXFileReference; lastKnownFileType = sourcecode.swift; path = MyTimeUITests.swift; sourceTree = "<group>"; };
		80341E5D1EA66C3E00BB7880 /* Info.plist */ = {isa = PBXFileReference; lastKnownFileType = text.plist.xml; path = Info.plist; sourceTree = "<group>"; };
/* End PBXFileReference section */

/* Begin PBXFrameworksBuildPhase section */
		80341E321EA66C3E00BB7880 /* Frameworks */ = {
			isa = PBXFrameworksBuildPhase;
			buildActionMask = 2147483647;
			files = (
			);
			runOnlyForDeploymentPostprocessing = 0;
		};
		80341E491EA66C3E00BB7880 /* Frameworks */ = {
			isa = PBXFrameworksBuildPhase;
			buildActionMask = 2147483647;
			files = (
			);
			runOnlyForDeploymentPostprocessing = 0;
		};
		80341E541EA66C3E00BB7880 /* Frameworks */ = {
			isa = PBXFrameworksBuildPhase;
			buildActionMask = 2147483647;
			files = (
			);
			runOnlyForDeploymentPostprocessing = 0;
		};
/* End PBXFrameworksBuildPhase section */

/* Begin PBXGroup section */
		80341E2C1EA66C3D00BB7880 = {
			isa = PBXGroup;
			children = (
				80341E371EA66C3E00BB7880 /* MyTime */,
				80341E4F1EA66C3E00BB7880 /* MyTimeTests */,
				80341E5A1EA66C3E00BB7880 /* MyTimeUITests */,
				80341E361EA66C3E00BB7880 /* Products */,
			);
			sourceTree = "<group>";
		};
		80341E361EA66C3E00BB7880 /* Products */ = {
			isa = PBXGroup;
			children = (
				80341E351EA66C3E00BB7880 /* MyTime.app */,
				80341E4C1EA66C3E00BB7880 /* MyTimeTests.xctest */,
				80341E571EA66C3E00BB7880 /* MyTimeUITests.xctest */,
			);
			name = Products;
			sourceTree = "<group>";
		};
		80341E371EA66C3E00BB7880 /* MyTime */ = {
			isa = PBXGroup;
			children = (
				80341E381EA66C3E00BB7880 /* AppDelegate.swift */,
				80341E3A1EA66C3E00BB7880 /* ViewController.swift */,
				80341E3C1EA66C3E00BB7880 /* Main.storyboard */,
				80341E421EA66C3E00BB7880 /* Assets.xcassets */,
				80341E441EA66C3E00BB7880 /* LaunchScreen.storyboard */,
				80341E471EA66C3E00BB7880 /* Info.plist */,
				80341E3F1EA66C3E00BB7880 /* MyTime.xcdatamodeld */,
			);
			path = MyTime;
			sourceTree = "<group>";
		};
		80341E4F1EA66C3E00BB7880 /* MyTimeTests */ = {
			isa = PBXGroup;
			children = (
				80341E501EA66C3E00BB7880 /* MyTimeTests.swift */,
				80341E521EA66C3E00BB7880 /* Info.plist */,
			);
			path = MyTimeTests;
			sourceTree = "<group>";
		};
		80341E5A1EA66C3E00BB7880 /* MyTimeUITests */ = {
			isa = PBXGroup;
			children = (
				80341E5B1EA66C3E00BB7880 /* MyTimeUITests.swift */,
				80341E5D1EA66C3E00BB7880 /* Info.plist */,
			);
			path = MyTimeUITests;
			sourceTree = "<group>";
		};
/* End PBXGroup section */

/* Begin PBXNativeTarget section */
		80341E341EA66C3E00BB7880 /* MyTime */ = {
			isa = PBXNativeTarget;
			buildConfigurationList = 80341E601EA66C3E00BB7880 /* Build configuration list for PBXNativeTarget "MyTime" */;
			buildPhases = (
				80341E311EA66C3E00BB7880 /* Sources */,
				80341E321EA66C3E00BB7880 /* Frameworks */,
				80341E331EA66C3E00BB7880 /* Resources */,
			);
			buildRules = (
			);
			dependencies = (
			);
			name = MyTime;
			productName = MyTime;
			productReference = 80341E351EA66C3E00BB7880 /* MyTime.app */;
			productType = "com.apple.product-type.application";
		};
		80341E4B1EA66C3E00BB7880 /* MyTimeTests */ = {
			isa = PBXNativeTarget;
			buildConfigurationList = 80341E631EA66C3E00BB7880 /* Build configuration list for PBXNativeTarget "MyTimeTests" */;
			buildPhases = (
				80341E481EA66C3E00BB7880 /* Sources */,
				80341E491EA66C3E00BB7880 /* Frameworks */,
				80341E4A1EA66C3E00BB7880 /* Resources */,
			);
			buildRules = (
			);
			dependencies = (
				80341E4E1EA66C3E00BB7880 /* PBXTargetDependency */,
			);
			name = MyTimeTests;
			productName = MyTimeTests;
			productReference = 80341E4C1EA66C3E00BB7880 /* MyTimeTests.xctest */;
			productType = "com.apple.product-type.bundle.unit-test";
		};
		80341E561EA66C3E00BB7880 /* MyTimeUITests */ = {
			isa = PBXNativeTarget;
			buildConfigurationList = 80341E661EA66C3E00BB7880 /* Build configuration list for PBXNativeTarget "MyTimeUITests" */;
			buildPhases = (
				80341E531EA66C3E00BB7880 /* Sources */,
				80341E541EA66C3E00BB7880 /* Frameworks */,
				80341E551EA66C3E00BB7880 /* Resources */,
			);
			buildRules = (
			);
			dependencies = (
				80341E591EA66C3E00BB7880 /* PBXTargetDependency */,
			);
			name = MyTimeUITests;
			productName = MyTimeUITests;
			productReference = 80341E571EA66C3E00BB7880 /* MyTimeUITests.xctest */;
			productType = "com.apple.product-type.bundle.ui-testing";
		};
/* End PBXNativeTarget section */

/* Begin PBXProject section */
		80341E2D1EA66C3D00BB7880 /* Project object */ = {
			isa = PBXProject;
			attributes = {
				LastSwiftUpdateCheck = 0820;
				LastUpgradeCheck = 0820;
				ORGANIZATIONNAME = "Vaibhav Kumar Singh";
				TargetAttributes = {
					80341E341EA66C3E00BB7880 = {
						CreatedOnToolsVersion = 8.2.1;
						ProvisioningStyle = Automatic;
					};
					80341E4B1EA66C3E00BB7880 = {
						CreatedOnToolsVersion = 8.2.1;
						ProvisioningStyle = Automatic;
						TestTargetID = 80341E341EA66C3E00BB7880;
					};
					80341E561EA66C3E00BB7880 = {
						CreatedOnToolsVersion = 8.2.1;
						ProvisioningStyle = Automatic;
						TestTargetID = 80341E341EA66C3E00BB7880;
					};
				};
			};
			buildConfigurationList = 80341E301EA66C3D00BB7880 /* Build configuration list for PBXProject "MyTime" */;
			compatibilityVersion = "Xcode 3.2";
			developmentRegion = English;
			hasScannedForEncodings = 0;
			knownRegions = (
				en,
				Base,
			);
			mainGroup = 80341E2C1EA66C3D00BB7880;
			productRefGroup = 80341E361EA66C3E00BB7880 /* Products */;
			projectDirPath = "";
			projectRoot = "";
			targets = (
				80341E341EA66C3E00BB7880 /* MyTime */,
				80341E4B1EA66C3E00BB7880 /* MyTimeTests */,
				80341E561EA66C3E00BB7880 /* MyTimeUITests */,
			);
		};
/* End PBXProject section */

/* Begin PBXResourcesBuildPhase section */
		80341E331EA66C3E00BB7880 /* Resources */ = {
			isa = PBXResourcesBuildPhase;
			buildActionMask = 2147483647;
			files = (
				80341E461EA66C3E00BB7880 /* LaunchScreen.storyboard in Resources */,
				80341E431EA66C3E00BB7880 /* Assets.xcassets in Resources */,
				80341E3E1EA66C3E00BB7880 /* Main.storyboard in Resources */,
			);
			runOnlyForDeploymentPostprocessing = 0;
		};
		80341E4A1EA66C3E00BB7880 /* Resources */ = {
			isa = PBXResourcesBuildPhase;
			buildActionMask = 2147483647;
			files = (
			);
			runOnlyForDeploymentPostprocessing = 0;
		};
		80341E551EA66C3E00BB7880 /* Resources */ = {
			isa = PBXResourcesBuildPhase;
			buildActionMask = 2147483647;
			files = (
			);
			runOnlyForDeploymentPostprocessing = 0;
		};
/* End PBXResourcesBuildPhase section */

/* Begin PBXSourcesBuildPhase section */
		80341E311EA66C3E00BB7880 /* Sources */ = {
			isa = PBXSourcesBuildPhase;
			buildActionMask = 2147483647;
			files = (
				80341E3B1EA66C3E00BB7880 /* ViewController.swift in Sources */,
				80341E391EA66C3E00BB7880 /* AppDelegate.swift in Sources */,
				80341E411EA66C3E00BB7880 /* MyTime.xcdatamodeld in Sources */,
			);
			runOnlyForDeploymentPostprocessing = 0;
		};
		80341E481EA66C3E00BB7880 /* Sources */ = {
			isa = PBXSourcesBuildPhase;
			buildActionMask = 2147483647;
			files = (
				80341E511EA66C3E00BB7880 /* MyTimeTests.swift in Sources */,
			);
			runOnlyForDeploymentPostprocessing = 0;
		};
		80341E531EA66C3E00BB7880 /* Sources */ = {
			isa = PBXSourcesBuildPhase;
			buildActionMask = 2147483647;
			files = (
				80341E5C1EA66C3E00BB7880 /* MyTimeUITests.swift in Sources */,
			);
			runOnlyForDeploymentPostprocessing = 0;
		};
/* End PBXSourcesBuildPhase section */

/* Begin PBXTargetDependency section */
		80341E4E1EA66C3E00BB7880 /* PBXTargetDependency */ = {
			isa = PBXTargetDependency;
			target = 80341E341EA66C3E00BB7880 /* MyTime */;
			targetProxy = 80341E4D1EA66C3E00BB7880 /* PBXContainerItemProxy */;
		};
		80341E591EA66C3E00BB7880 /* PBXTargetDependency */ = {
			isa = PBXTargetDependency;
			target = 80341E341EA66C3E00BB7880 /* MyTime */;
			targetProxy = 80341E581EA66C3E00BB7880 /* PBXContainerItemProxy */;
		};
/* End PBXTargetDependency section */

/* Begin PBXVariantGroup section */
		80341E3C1EA66C3E00BB7880 /* Main.storyboard */ = {
			isa = PBXVariantGroup;
			children = (
				80341E3D1EA66C3E00BB7880 /* Base */,
			);
			name = Main.storyboard;
			sourceTree = "<group>";
		};
		80341E441EA66C3E00BB7880 /* LaunchScreen.storyboard */ = {
			isa = PBXVariantGroup;
			children = (
				80341E451EA66C3E00BB7880 /* Base */,
			);
			name = LaunchScreen.storyboard;
			sourceTree = "<group>";
		};
/* End PBXVariantGroup section */

/* Begin XCBuildConfiguration section */
		80341E5E1EA66C3E00BB7880 /* Debug */ = {
			isa = XCBuildConfiguration;
			buildSettings = {
				ALWAYS_SEARCH_USER_PATHS = NO;
				CLANG_ANALYZER_NONNULL = YES;
				CLANG_CXX_LANGUAGE_STANDARD = "gnu++0x";
				CLANG_CXX_LIBRARY = "libc++";
				CLANG_ENABLE_MODULES = YES;
				CLANG_ENABLE_OBJC_ARC = YES;
				CLANG_WARN_BOOL_CONVERSION = YES;
				CLANG_WARN_CONSTANT_CONVERSION = YES;
				CLANG_WARN_DIRECT_OBJC_ISA_USAGE = YES_ERROR;
				CLANG_WARN_DOCUMENTATION_COMMENTS = YES;
				CLANG_WARN_EMPTY_BODY = YES;
				CLANG_WARN_ENUM_CONVERSION = YES;
				CLANG_WARN_INFINITE_RECURSION = YES;
				CLANG_WARN_INT_CONVERSION = YES;
				CLANG_WARN_OBJC_ROOT_CLASS = YES_ERROR;
				CLANG_WARN_SUSPICIOUS_MOVE = YES;
				CLANG_WARN_UNREACHABLE_CODE = YES;
				CLANG_WARN__DUPLICATE_METHOD_MATCH = YES;
				"CODE_SIGN_IDENTITY[sdk=iphoneos*]" = "iPhone Developer";
				COPY_PHASE_STRIP = NO;
				DEBUG_INFORMATION_FORMAT = dwarf;
				ENABLE_STRICT_OBJC_MSGSEND = YES;
				ENABLE_TESTABILITY = YES;
				GCC_C_LANGUAGE_STANDARD = gnu99;
				GCC_DYNAMIC_NO_PIC = NO;
				GCC_NO_COMMON_BLOCKS = YES;
				GCC_OPTIMIZATION_LEVEL = 0;
				GCC_PREPROCESSOR_DEFINITIONS = (
					"DEBUG=1",
					"$(inherited)",
				);
				GCC_WARN_64_TO_32_BIT_CONVERSION = YES;
				GCC_WARN_ABOUT_RETURN_TYPE = YES_ERROR;
				GCC_WARN_UNDECLARED_SELECTOR = YES;
				GCC_WARN_UNINITIALIZED_AUTOS = YES_AGGRESSIVE;
				GCC_WARN_UNUSED_FUNCTION = YES;
				GCC_WARN_UNUSED_VARIABLE = YES;
				IPHONEOS_DEPLOYMENT_TARGET = 10.2;
				MTL_ENABLE_DEBUG_INFO = YES;
				ONLY_ACTIVE_ARCH = YES;
				SDKROOT = iphoneos;
				SWIFT_ACTIVE_COMPILATION_CONDITIONS = DEBUG;
				SWIFT_OPTIMIZATION_LEVEL = "-Onone";
				TARGETED_DEVICE_FAMILY = "1,2";
			};
			name = Debug;
		};
		80341E5F1EA66C3E00BB7880 /* Release */ = {
			isa = XCBuildConfiguration;
			buildSettings = {
				ALWAYS_SEARCH_USER_PATHS = NO;
				CLANG_ANALYZER_NONNULL = YES;
				CLANG_CXX_LANGUAGE_STANDARD = "gnu++0x";
				CLANG_CXX_LIBRARY = "libc++";
				CLANG_ENABLE_MODULES = YES;
				CLANG_ENABLE_OBJC_ARC = YES;
				CLANG_WARN_BOOL_CONVERSION = YES;
				CLANG_WARN_CONSTANT_CONVERSION = YES;
				CLANG_WARN_DIRECT_OBJC_ISA_USAGE = YES_ERROR;
				CLANG_WARN_DOCUMENTATION_COMMENTS = YES;
				CLANG_WARN_EMPTY_BODY = YES;
				CLANG_WARN_ENUM_CONVERSION = YES;
				CLANG_WARN_INFINITE_RECURSION = YES;
				CLANG_WARN_INT_CONVERSION = YES;
				CLANG_WARN_OBJC_ROOT_CLASS = YES_ERROR;
				CLANG_WARN_SUSPICIOUS_MOVE = YES;
				CLANG_WARN_UNREACHABLE_CODE = YES;
				CLANG_WARN__DUPLICATE_METHOD_MATCH = YES;
				"CODE_SIGN_IDENTITY[sdk=iphoneos*]" = "iPhone Developer";
				COPY_PHASE_STRIP = NO;
				DEBUG_INFORMATION_FORMAT = "dwarf-with-dsym";
				ENABLE_NS_ASSERTIONS = NO;
				ENABLE_STRICT_OBJC_MSGSEND = YES;
				GCC_C_LANGUAGE_STANDARD = gnu99;
				GCC_NO_COMMON_BLOCKS = YES;
				GCC_WARN_64_TO_32_BIT_CONVERSION = YES;
				GCC_WARN_ABOUT_RETURN_TYPE = YES_ERROR;
				GCC_WARN_UNDECLARED_SELECTOR = YES;
				GCC_WARN_UNINITIALIZED_AUTOS = YES_AGGRESSIVE;
				GCC_WARN_UNUSED_FUNCTION = YES;
				GCC_WARN_UNUSED_VARIABLE = YES;
				IPHONEOS_DEPLOYMENT_TARGET = 10.2;
				MTL_ENABLE_DEBUG_INFO = NO;
				SDKROOT = iphoneos;
				SWIFT_OPTIMIZATION_LEVEL = "-Owholemodule";
				TARGETED_DEVICE_FAMILY = "1,2";
				VALIDATE_PRODUCT = YES;
			};
			name = Release;
		};
		80341E611EA66C3E00BB7880 /* Debug */ = {
			isa = XCBuildConfiguration;
			buildSettings = {
				ASSETCATALOG_COMPILER_APPICON_NAME = AppIcon;
				INFOPLIST_FILE = MyTime/Info.plist;
				LD_RUNPATH_SEARCH_PATHS = "$(inherited) @executable_path/Frameworks";
				PRODUCT_BUNDLE_IDENTIFIER = vaibhav.MyTime;
				PRODUCT_NAME = "$(TARGET_NAME)";
				SWIFT_VERSION = 3.0;
			};
			name = Debug;
		};
		80341E621EA66C3E00BB7880 /* Release */ = {
			isa = XCBuildConfiguration;
			buildSettings = {
				ASSETCATALOG_COMPILER_APPICON_NAME = AppIcon;
				INFOPLIST_FILE = MyTime/Info.plist;
				LD_RUNPATH_SEARCH_PATHS = "$(inherited) @executable_path/Frameworks";
				PRODUCT_BUNDLE_IDENTIFIER = vaibhav.MyTime;
				PRODUCT_NAME = "$(TARGET_NAME)";
				SWIFT_VERSION = 3.0;
			};
			name = Release;
		};
		80341E641EA66C3E00BB7880 /* Debug */ = {
			isa = XCBuildConfiguration;
			buildSettings = {
				ALWAYS_EMBED_SWIFT_STANDARD_LIBRARIES = YES;
				BUNDLE_LOADER = "$(TEST_HOST)";
				INFOPLIST_FILE = MyTimeTests/Info.plist;
				LD_RUNPATH_SEARCH_PATHS = "$(inherited) @executable_path/Frameworks @loader_path/Frameworks";
				PRODUCT_BUNDLE_IDENTIFIER = vaibhav.MyTimeTests;
				PRODUCT_NAME = "$(TARGET_NAME)";
				SWIFT_VERSION = 3.0;
				TEST_HOST = "$(BUILT_PRODUCTS_DIR)/MyTime.app/MyTime";
			};
			name = Debug;
		};
		80341E651EA66C3E00BB7880 /* Release */ = {
			isa = XCBuildConfiguration;
			buildSettings = {
				ALWAYS_EMBED_SWIFT_STANDARD_LIBRARIES = YES;
				BUNDLE_LOADER = "$(TEST_HOST)";
				INFOPLIST_FILE = MyTimeTests/Info.plist;
				LD_RUNPATH_SEARCH_PATHS = "$(inherited) @executable_path/Frameworks @loader_path/Frameworks";
				PRODUCT_BUNDLE_IDENTIFIER = vaibhav.MyTimeTests;
				PRODUCT_NAME = "$(TARGET_NAME)";
				SWIFT_VERSION = 3.0;
				TEST_HOST = "$(BUILT_PRODUCTS_DIR)/MyTime.app/MyTime";
			};
			name = Release;
		};
		80341E671EA66C3E00BB7880 /* Debug */ = {
			isa = XCBuildConfiguration;
			buildSettings = {
				ALWAYS_EMBED_SWIFT_STANDARD_LIBRARIES = YES;
				INFOPLIST_FILE = MyTimeUITests/Info.plist;
				LD_RUNPATH_SEARCH_PATHS = "$(inherited) @executable_path/Frameworks @loader_path/Frameworks";
				PRODUCT_BUNDLE_IDENTIFIER = vaibhav.MyTimeUITests;
				PRODUCT_NAME = "$(TARGET_NAME)";
				SWIFT_VERSION = 3.0;
				TEST_TARGET_NAME = MyTime;
			};
			name = Debug;
		};
		80341E681EA66C3E00BB7880 /* Release */ = {
			isa = XCBuildConfiguration;
			buildSettings = {
				ALWAYS_EMBED_SWIFT_STANDARD_LIBRARIES = YES;
				INFOPLIST_FILE = MyTimeUITests/Info.plist;
				LD_RUNPATH_SEARCH_PATHS = "$(inherited) @executable_path/Frameworks @loader_path/Frameworks";
				PRODUCT_BUNDLE_IDENTIFIER = vaibhav.MyTimeUITests;
				PRODUCT_NAME = "$(TARGET_NAME)";
				SWIFT_VERSION = 3.0;
				TEST_TARGET_NAME = MyTime;
			};
			name = Release;
		};
/* End XCBuildConfiguration section */

/* Begin XCConfigurationList section */
		80341E301EA66C3D00BB7880 /* Build configuration list for PBXProject "MyTime" */ = {
			isa = XCConfigurationList;
			buildConfigurations = (
				80341E5E1EA66C3E00BB7880 /* Debug */,
				80341E5F1EA66C3E00BB7880 /* Release */,
			);
			defaultConfigurationIsVisible = 0;
			defaultConfigurationName = Release;
		};
		80341E601EA66C3E00BB7880 /* Build configuration list for PBXNativeTarget "MyTime" */ = {
			isa = XCConfigurationList;
			buildConfigurations = (
				80341E611EA66C3E00BB7880 /* Debug */,
				80341E621EA66C3E00BB7880 /* Release */,
			);
			defaultConfigurationIsVisible = 0;
		};
		80341E631EA66C3E00BB7880 /* Build configuration list for PBXNativeTarget "MyTimeTests" */ = {
			isa = XCConfigurationList;
			buildConfigurations = (
				80341E641EA66C3E00BB7880 /* Debug */,
				80341E651EA66C3E00BB7880 /* Release */,
			);
			defaultConfigurationIsVisible = 0;
		};
		80341E661EA66C3E00BB7880 /* Build configuration list for PBXNativeTarget "MyTimeUITests" */ = {
			isa = XCConfigurationList;
			buildConfigurations = (
				80341E671EA66C3E00BB7880 /* Debug */,
				80341E681EA66C3E00BB7880 /* Release */,
			);
			defaultConfigurationIsVisible = 0;
		};
/* End XCConfigurationList section */

/* Begin XCVersionGroup section */
		80341E3F1EA66C3E00BB7880 /* MyTime.xcdatamodeld */ = {
			isa = XCVersionGroup;
			children = (
				80341E401EA66C3E00BB7880 /* MyTime.xcdatamodel */,
			);
			currentVersion = 80341E401EA66C3E00BB7880 /* MyTime.xcdatamodel */;
			path = MyTime.xcdatamodeld;
			sourceTree = "<group>";
			versionGroupType = wrapper.xcdatamodel;
		};
/* End XCVersionGroup section */
	};
	rootObject = 80341E2D1EA66C3D00BB7880 /* Project object */;
}
